Microsoft Visual Studio Solution File, Format Version 12.00
# Visual Studio 14
Project("{8BC9CEB8-8B4A-11D0-8D11-00A0C91BC942}") = "ALL_BUILD", "ALL_BUILD.vcxproj", "{FA8D4A71-F86B-45D5-A34F-BA5C29AA77F2}"
	ProjectSection(ProjectDependencies) = postProject
		{DE3F6544-369A-4C67-8A53-01A177827886} = {DE3F6544-369A-4C67-8A53-01A177827886}
		{7E19C22F-1F30-4AB7-A5E5-5CA8C7F7A6E7} = {7E19C22F-1F30-4AB7-A5E5-5CA8C7F7A6E7}
		{2F90F86E-22CC-4896-BBAB-6A2231B8E5C5} = {2F90F86E-22CC-4896-BBAB-6A2231B8E5C5}
		{A36FD5DB-AE22-4B24-92EC-E3BCD1EFAD0D} = {A36FD5DB-AE22-4B24-92EC-E3BCD1EFAD0D}
		{AA0338E4-6106-4031-AE2B-89509F24DBDF} = {AA0338E4-6106-4031-AE2B-89509F24DBDF}
	EndProjectSection
EndProject
Project("{8BC9CEB8-8B4A-11D0-8D11-00A0C91BC942}") = "INSTALL", "INSTALL.vcxproj", "{FA74FBA4-630B-4C2B-9EB8-CD151C64FBEC}"
	ProjectSection(ProjectDependencies) = postProject
		{FA8D4A71-F86B-45D5-A34F-BA5C29AA77F2} = {FA8D4A71-F86B-45D5-A34F-BA5C29AA77F2}
	EndProjectSection
EndProject
Project("{8BC9CEB8-8B4A-11D0-8D11-00A0C91BC942}") = "ZERO_CHECK", "ZERO_CHECK.vcxproj", "{DE3F6544-369A-4C67-8A53-01A177827886}"
	ProjectSection(ProjectDependencies) = postProject
	EndProjectSection
EndProject
Project("{8BC9CEB8-8B4A-11D0-8D11-00A0C91BC942}") = "libprotobuf", "libprotobuf.vcxproj", "{7E19C22F-1F30-4AB7-A5E5-5CA8C7F7A6E7}"
	ProjectSection(ProjectDependencies) = postProject
		{DE3F6544-369A-4C67-8A53-01A177827886} = {DE3F6544-369A-4C67-8A53-01A177827886}
	EndProjectSection
EndProject
Project("{8BC9CEB8-8B4A-11D0-8D11-00A0C91BC942}") = "libprotobuf-lite", "libprotobuf-lite.vcxproj", "{2F90F86E-22CC-4896-BBAB-6A2231B8E5C5}"
	ProjectSection(ProjectDependencies) = postProject
		{DE3F6544-369A-4C67-8A53-01A177827886} = {DE3F6544-369A-4C67-8A53-01A177827886}
	EndProjectSection
EndProject
Project("{8BC9CEB8-8B4A-11D0-8D11-00A0C91BC942}") = "libprotoc", "libprotoc.vcxproj", "{A36FD5DB-AE22-4B24-92EC-E3BCD1EFAD0D}"
	ProjectSection(ProjectDependencies) = postProject
		{DE3F6544-369A-4C67-8A53-01A177827886} = {DE3F6544-369A-4C67-8A53-01A177827886}
		{7E19C22F-1F30-4AB7-A5E5-5CA8C7F7A6E7} = {7E19C22F-1F30-4AB7-A5E5-5CA8C7F7A6E7}
	EndProjectSection
EndProject
Project("{8BC9CEB8-8B4A-11D0-8D11-00A0C91BC942}") = "protoc", "protoc.vcxproj", "{AA0338E4-6106-4031-AE2B-89509F24DBDF}"
	ProjectSection(ProjectDependencies) = postProject
		{DE3F6544-369A-4C67-8A53-01A177827886} = {DE3F6544-369A-4C67-8A53-01A177827886}
		{7E19C22F-1F30-4AB7-A5E5-5CA8C7F7A6E7} = {7E19C22F-1F30-4AB7-A5E5-5CA8C7F7A6E7}
		{A36FD5DB-AE22-4B24-92EC-E3BCD1EFAD0D} = {A36FD5DB-AE22-4B24-92EC-E3BCD1EFAD0D}
	EndProjectSection
EndProject
Global
	GlobalSection(SolutionConfigurationPlatforms) = preSolution
		Debug|Win32 = Debug|Win32
		Release|Win32 = Release|Win32
		MinSizeRel|Win32 = MinSizeRel|Win32
		RelWithDebInfo|Win32 = RelWithDebInfo|Win32
	EndGlobalSection
	GlobalSection(ProjectConfigurationPlatforms) = postSolution
		{FA8D4A71-F86B-45D5-A34F-BA5C29AA77F2}.Debug|Win32.ActiveCfg = Debug|Win32
		{FA8D4A71-F86B-45D5-A34F-BA5C29AA77F2}.Debug|Win32.Build.0 = Debug|Win32
		{FA8D4A71-F86B-45D5-A34F-BA5C29AA77F2}.Release|Win32.ActiveCfg = Release|Win32
		{FA8D4A71-F86B-45D5-A34F-BA5C29AA77F2}.Release|Win32.Build.0 = Release|Win32
		{FA8D4A71-F86B-45D5-A34F-BA5C29AA77F2}.MinSizeRel|Win32.ActiveCfg = MinSizeRel|Win32
		{FA8D4A71-F86B-45D5-A34F-BA5C29AA77F2}.MinSizeRel|Win32.Build.0 = MinSizeRel|Win32
		{FA8D4A71-F86B-45D5-A34F-BA5C29AA77F2}.RelWithDebInfo|Win32.ActiveCfg = RelWithDebInfo|Win32
		{FA8D4A71-F86B-45D5-A34F-BA5C29AA77F2}.RelWithDebInfo|Win32.Build.0 = RelWithDebInfo|Win32
		{FA74FBA4-630B-4C2B-9EB8-CD151C64FBEC}.Debug|Win32.ActiveCfg = Debug|Win32
		{FA74FBA4-630B-4C2B-9EB8-CD151C64FBEC}.Release|Win32.ActiveCfg = Release|Win32
		{FA74FBA4-630B-4C2B-9EB8-CD151C64FBEC}.MinSizeRel|Win32.ActiveCfg = MinSizeRel|Win32
		{FA74FBA4-630B-4C2B-9EB8-CD151C64FBEC}.RelWithDebInfo|Win32.ActiveCfg = RelWithDebInfo|Win32
		{DE3F6544-369A-4C67-8A53-01A177827886}.Debug|Win32.ActiveCfg = Debug|Win32
		{DE3F6544-369A-4C67-8A53-01A177827886}.Debug|Win32.Build.0 = Debug|Win32
		{DE3F6544-369A-4C67-8A53-01A177827886}.Release|Win32.ActiveCfg = Release|Win32
		{DE3F6544-369A-4C67-8A53-01A177827886}.Release|Win32.Build.0 = Release|Win32
		{DE3F6544-369A-4C67-8A53-01A177827886}.MinSizeRel|Win32.ActiveCfg = MinSizeRel|Win32
		{DE3F6544-369A-4C67-8A53-01A177827886}.MinSizeRel|Win32.Build.0 = MinSizeRel|Win32
		{DE3F6544-369A-4C67-8A53-01A177827886}.RelWithDebInfo|Win32.ActiveCfg = RelWithDebInfo|Win32
		{DE3F6544-369A-4C67-8A53-01A177827886}.RelWithDebInfo|Win32.Build.0 = RelWithDebInfo|Win32
		{7E19C22F-1F30-4AB7-A5E5-5CA8C7F7A6E7}.Debug|Win32.ActiveCfg = Debug|Win32
		{7E19C22F-1F30-4AB7-A5E5-5CA8C7F7A6E7}.Debug|Win32.Build.0 = Debug|Win32
		{7E19C22F-1F30-4AB7-A5E5-5CA8C7F7A6E7}.Release|Win32.ActiveCfg = Release|Win32
		{7E19C22F-1F30-4AB7-A5E5-5CA8C7F7A6E7}.Release|Win32.Build.0 = Release|Win32
		{7E19C22F-1F30-4AB7-A5E5-5CA8C7F7A6E7}.MinSizeRel|Win32.ActiveCfg = MinSizeRel|Win32
		{7E19C22F-1F30-4AB7-A5E5-5CA8C7F7A6E7}.MinSizeRel|Win32.Build.0 = MinSizeRel|Win32
		{7E19C22F-1F30-4AB7-A5E5-5CA8C7F7A6E7}.RelWithDebInfo|Win32.ActiveCfg = RelWithDebInfo|Win32
		{7E19C22F-1F30-4AB7-A5E5-5CA8C7F7A6E7}.RelWithDebInfo|Win32.Build.0 = RelWithDebInfo|Win32
		{2F90F86E-22CC-4896-BBAB-6A2231B8E5C5}.Debug|Win32.ActiveCfg = Debug|Win32
		{2F90F86E-22CC-4896-BBAB-6A2231B8E5C5}.Debug|Win32.Build.0 = Debug|Win32
		{2F90F86E-22CC-4896-BBAB-6A2231B8E5C5}.Release|Win32.ActiveCfg = Release|Win32
		{2F90F86E-22CC-4896-BBAB-6A2231B8E5C5}.Release|Win32.Build.0 = Release|Win32
		{2F90F86E-22CC-4896-BBAB-6A2231B8E5C5}.MinSizeRel|Win32.ActiveCfg = MinSizeRel|Win32
		{2F90F86E-22CC-4896-BBAB-6A2231B8E5C5}.MinSizeRel|Win32.Build.0 = MinSizeRel|Win32
		{2F90F86E-22CC-4896-BBAB-6A2231B8E5C5}.RelWithDebInfo|Win32.ActiveCfg = RelWithDebInfo|Win32
		{2F90F86E-22CC-4896-BBAB-6A2231B8E5C5}.RelWithDebInfo|Win32.Build.0 = RelWithDebInfo|Win32
		{A36FD5DB-AE22-4B24-92EC-E3BCD1EFAD0D}.Debug|Win32.ActiveCfg = Debug|Win32
		{A36FD5DB-AE22-4B24-92EC-E3BCD1EFAD0D}.Debug|Win32.Build.0 = Debug|Win32
		{A36FD5DB-AE22-4B24-92EC-E3BCD1EFAD0D}.Release|Win32.ActiveCfg = Release|Win32
		{A36FD5DB-AE22-4B24-92EC-E3BCD1EFAD0D}.Release|Win32.Build.0 = Release|Win32
		{A36FD5DB-AE22-4B24-92EC-E3BCD1EFAD0D}.MinSizeRel|Win32.ActiveCfg = MinSizeRel|Win32
		{A36FD5DB-AE22-4B24-92EC-E3BCD1EFAD0D}.MinSizeRel|Win32.Build.0 = MinSizeRel|Win32
		{A36FD5DB-AE22-4B24-92EC-E3BCD1EFAD0D}.RelWithDebInfo|Win32.ActiveCfg = RelWithDebInfo|Win32
		{A36FD5DB-AE22-4B24-92EC-E3BCD1EFAD0D}.RelWithDebInfo|Win32.Build.0 = RelWithDebInfo|Win32
		{AA0338E4-6106-4031-AE2B-89509F24DBDF}.Debug|Win32.ActiveCfg = Debug|Win32
		{AA0338E4-6106-4031-AE2B-89509F24DBDF}.Debug|Win32.Build.0 = Debug|Win32
		{AA0338E4-6106-4031-AE2B-89509F24DBDF}.Release|Win32.ActiveCfg = Release|Win32
		{AA0338E4-6106-4031-AE2B-89509F24DBDF}.Release|Win32.Build.0 = Release|Win32
		{AA0338E4-6106-4031-AE2B-89509F24DBDF}.MinSizeRel|Win32.ActiveCfg = MinSizeRel|Win32
		{AA0338E4-6106-4031-AE2B-89509F24DBDF}.MinSizeRel|Win32.Build.0 = MinSizeRel|Win32
		{AA0338E4-6106-4031-AE2B-89509F24DBDF}.RelWithDebInfo|Win32.ActiveCfg = RelWithDebInfo|Win32
		{AA0338E4-6106-4031-AE2B-89509F24DBDF}.RelWithDebInfo|Win32.Build.0 = RelWithDebInfo|Win32
	EndGlobalSection
	GlobalSection(ExtensibilityGlobals) = postSolution
	EndGlobalSection
	GlobalSection(ExtensibilityAddIns) = postSolution
	EndGlobalSection
EndGlobal
